github.com/abates/goexiftool v0.0.0-20190724154643-3c2c1397b270 h1:zDUNL4hhfAenOaZu+eBz9mz0emH5ZgUuLqL+ILmI5sg=
github.com/abates/goexiftool v0.0.0-20190724154643-3c2c1397b270/go.mod h1:aHlx0GOUaaagt9XW6o+Il1Mp6MMaOHpSHYsXgUyQPbM=
github.com/abates/goexiftool v0.0.0-20191008010321-637c55a6bd4a h1:Fg+0moynQ7gI7bCCgOFPbIWvG5KQfeqFdp/ZXpEevZQ=
github.com/abates/goexiftool v0.0.0-20191008010321-637c55a6bd4a/go.mod h1:aHlx0GOUaaagt9XW6o+Il1Mp6MMaOHpSHYsXgUyQPbM=
github.com/abates/goexiftool v0.0.0-20191008011034-3f3823aa74ff h1:LzecotoRKOErpQILBf7hRCV/XottueXPmEJzNY3PxCw=
github.com/abates/goexiftool v0.0.0-20191008011034-3f3823aa74ff/go.mod h1:aHlx0GOUaaagt9XW6o+Il1Mp6MMaOHpSHYsXgUyQPbM=
github.com/abates/goexiftool v0.0.0-20191008011202-789002dc23b3 h1:TtUAuB7fnHuSnt6AWp5lQcPUVF9nqLZSkHXRpDtBYTk=
github.com/abates/goexiftool v0.0.0-20191008011202-789002dc23b3/go.mod h1:aHlx0GOUaaagt9XW6o+Il1Mp6MMaOHpSHYsXgUyQPbM=
github.com/abates/goexiftool v0.0.0-20191031114546-d1421e145926 h1:Jyn0Eew2o6TA64VXKOFbjjJrZ8GC5bPMU05mYq8L2bA=
github.com/abates/goexiftool v0.0.0-20191031114546-d1421e145926/go.mod h1:aHlx0GOUaaagt9XW6o+Il1Mp6MMaOHpSHYsXgUyQPbM=
github.com/abates/goexiftool v0.0.0-20191031122028-c5d870626b21 h1:btM/V3CEwqrgSLQytnwgPjCjyjDX14kZcG8dtIAnSn8=
github.com/abates/goexiftool v0.0.0-20191031122028-c5d870626b21/go.mod h1:aHlx0GOUaaagt9XW6o+Il1Mp6MMaOHpSHYsXgUyQPbM=
github.com/abates/goexiftool v0.0.0-20191031123245-19a21faad4d0 h1:rFPy/TaSollTPc5PXPDow9epoNtpq17dq7874j65GNo=
github.com/abates/goexiftool v0.0.0-20191031123245-19a21faad4d0/go.mod h1:aHlx0GOUaaagt9XW6o+Il1Mp6MMaOHpSHYsXgUyQPbM=
github.com/abates/goexiftool v0.0.0-20191101174916-139ad7211501 h1:LS2kC5dBoIk1JPTcWcNl5v5dn2p1ph9RpmsnQB5cdPk=
github.com/abates/goexiftool v0.0.0-20191101174916-139ad7211501/go.mod h1:aHlx0GOUaaagt9XW6o+Il1Mp6MMaOHpSHYsXgUyQPbM=
github.com/fatih/color v1.7.0 h1:DkWD4oS2D8LGGgTQ6IvwJJXSL5Vp2ffcQg58nFV38Ys=
github.com/fatih/color v1.7.0/go.mod h1:Zm6kSWBoL9eyXnKyktHP6abPY2pDugNf5KwzbycvMj4=
github.com/fsnotify/fsnotify v1.4.7 h1:IXs+QLmnXW2CcXuY+8Mzv/fWEsPGWxqefPtCP5CnV9I=
github.com/fsnotify/fsnotify v1.4.7/go.mod h1:jwhsz4b93w/PPRr/qN1Yymfu8t87LnFCMoQvtojpjFo=
github.com/hashicorp/go-version v1.0.0 h1:21MVWPKDphxa7ineQQTrCU5brh7OuVVAzGOCnnCPtE8=
github.com/hashicorp/go-version v1.0.0/go.mod h1:fltr4n8CU8Ke44wwGCBoEymUuxUHl09ZGVZPK5anwXA=
github.com/mattn/go-colorable v0.1.2 h1:/bC9yWikZXAL9uJdulbSfyVNIR3n3trXl+v8+1sx8mU=
github.com/mattn/go-colorable v0.1.2/go.mod h1:U0ppj6V5qS13XJ6of8GYAs25YV2eR4EVcfRqFIhoBtE=
github.com/mattn/go-isatty v0.0.8 h1:HLtExJ+uU2HOZ+wI0Tt5DtUDrx8yhUqDcp7fYERX4CE=
github.com/mattn/go-isatty v0.0.8/go.mod h1:Iq45c/XA43vh69/j3iqttzPXn0bhXyGjM0Hdxcsrc5s=
github.com/mattn/go-runewidth v0.0.4 h1:2BvfKmzob6Bmd4YsL0zygOqfdFnK7GR4QL06Do4/p7Y=
github.com/mattn/go-runewidth v0.0.4/go.mod h1:LwmH8dsx7+W8Uxz3IHJYH5QSwggIsqBzpuz5H//U1FU=
github.com/mh-orange/cmd v0.0.0-20190207214143-df53bd8d1c5c h1:Eco7VcM3O/Os1EPnYqrBP2QynzuWtPccVYlqDVuX6rI=
github.com/mh-orange/cmd v0.0.0-20190207214143-df53bd8d1c5c/go.mod h1:ak0+965HQ8cjjOMALzYW2RxMSDL7DiX1LadhjfqmeiY=
github.com/mh-orange/cmd v0.0.0-20190802191444-a02d1ab52fd1 h1:zkSxEpM3wptV/RnvHielSidYfChNJLXBzmz9cGONbko=
github.com/mh-orange/cmd v0.0.0-20190802191444-a02d1ab52fd1/go.mod h1:ak0+965HQ8cjjOMALzYW2RxMSDL7DiX1LadhjfqmeiY=
github.com/mh-orange/cmd v0.0.0-20190814014331-b4f5d21a036d h1:mF3+fgESYYWGrLOZSkuxDWrC4P200nAF+clXrNOux84=
github.com/mh-orange/cmd v0.0.0-20190814014331-b4f5d21a036d/go.mod h1:ak0+965HQ8cjjOMALzYW2RxMSDL7DiX1LadhjfqmeiY=
github.com/mh-orange/ffmpeg v0.0.0-20190723212204-33cd97fc2750 h1:rq4Fb7FIQi+VikBT6856nW/33312L/bZdVqfUxO1RCk=
github.com/mh-orange/ffmpeg v0.0.0-20190723212204-33cd97fc2750/go.mod h1:3kcO+ICu2mfdMDCg/gql0i3+Inber6zA/eyv9aKK918=
github.com/mh-orange/ffmpeg v0.0.0-20190802193410-7dffbb2b0cde h1:0Qb5EqiWdk1Qzmv7qEUyEJBH9jNYRiKkaTyd0N7bxZ0=
github.com/mh-orange/ffmpeg v0.0.0-20190802193410-7dffbb2b0cde/go.mod h1:3kcO+ICu2mfdMDCg/gql0i3+Inber6zA/eyv9aKK918=
github.com/mh-orange/ffmpeg v0.0.0-20190805120148-2bfd4665211b h1:lqQJ0xjSKgFhde9Q59vDvxtOR9ibMxYdiuDLovp25xE=
github.com/mh-orange/ffmpeg v0.0.0-20190805120148-2bfd4665211b/go.mod h1:3kcO+ICu2mfdMDCg/gql0i3+Inber6zA/eyv9aKK918=
github.com/mh-orange/ffmpeg v0.0.0-20191031143514-263295278388 h1:8+6JBMgkxmk7Fkd9mdRYTQjjrMFmICoGtatE7Y2bQNY=
github.com/mh-orange/ffmpeg v0.0.0-20191031143514-263295278388/go.mod h1:3kcO+ICu2mfdMDCg/gql0i3+Inber6zA/eyv9aKK918=
github.com/mh-orange/ffmpeg v0.0.0-20191101143614-56bfe8c58b8e h1:zOf9gQZn4PQgv8PdD0hQAjRdQSqZX+YCppB/n16+MDM=
github.com/mh-orange/ffmpeg v0.0.0-20191101143614-56bfe8c58b8e/go.mod h1:3kcO+ICu2mfdMDCg/gql0i3+Inber6zA/eyv9aKK918=
github.com/mh-orange/vfs v0.0.0-20190802160435-3c572b2c1ee3 h1:starygELIxDlZU6BIcmKhEbPi8xxBN1crs5v90c+plU=
github.com/mh-orange/vfs v0.0.0-20190802160435-3c572b2c1ee3/go.mod h1:W++dVrVLUvtgr77GRaiP3kx7LbKl0p/cQcHFWPMxifA=
github.com/mitchellh/gox v1.0.1 h1:x0jD3dcHk9a9xPSDN6YEL4xL6Qz0dvNYm8yZqui5chI=
github.com/mitchellh/gox v1.0.1/go.mod h1:ED6BioOGXMswlXa2zxfh/xdd5QhwYliBFn9V18Ap4z4=
github.com/mitchellh/iochan v1.0.0 h1:C+X3KsSTLFVBr/tK1eYN/vs4rJcvsiLU338UhYPJWeY=
github.com/mitchellh/iochan v1.0.0/go.mod h1:JwYml1nuB7xOzsp52dPpHFffvOCDupsG0QubkSMEySY=
golang.org/x/crypto v0.0.0-20190308221718-c2843e01d9a2/go.mod h1:djNgcEr1/C05ACkg1iLfiJU5Ep61QUkGW8qpdssI0+w=
golang.org/x/net v0.0.0-20190620200207-3b0461eec859 h1:R/3boaszxrf1GEUWTVDzSKVwLmSJpwZ1yqXm8j0v2QI=
golang.org/x/net v0.0.0-20190620200207-3b0461eec859/go.mod h1:z5CRVTTTmAJ677TzLLGU+0bjPO0LkuOLi4/5GtJWs/s=
golang.org/x/net v0.0.0-20191028085509-fe3aa8a45271 h1:N66aaryRB3Ax92gH0v3hp1QYZ3zWWCCUR/j8Ifh45Ss=
golang.org/x/net v0.0.0-20191028085509-fe3aa8a45271/go.mod h1:z5CRVTTTmAJ677TzLLGU+0bjPO0LkuOLi4/5GtJWs/s=
golang.org/x/sync v0.0.0-20190423024810-112230192c58 h1:8gQV6CLnAEikrhgkHFbMAEhagSSnXWGV915qUMm9mrU=
golang.org/x/sync v0.0.0-20190423024810-112230192c58/go.mod h1:RxMgew5VJxzue5/jJTE5uejpjVlOe/izrB70Jof72aM=
golang.org/x/sync v0.0.0-20190911185100-cd5d95a43a6e h1:vcxGaoTs7kV8m5Np9uUNQin4BrLOthgV7252N8V+FwY=
golang.org/x/sync v0.0.0-20190911185100-cd5d95a43a6e/go.mod h1:RxMgew5VJxzue5/jJTE5uejpjVlOe/izrB70Jof72aM=
golang.org/x/sys v0.0.0-20190215142949-d0b11bdaac8a/go.mod h1:STP8DvDyc/dI5b8T5hshtkjS+E42TnysNCUPdjciGhY=
golang.org/x/sys v0.0.0-20190222072716-a9d3bda3a223/go.mod h1:STP8DvDyc/dI5b8T5hshtkjS+E42TnysNCUPdjciGhY=
golang.org/x/sys v0.0.0-20190712062909-fae7ac547cb7 h1:LepdCS8Gf/MVejFIt8lsiexZATdoGVyp5bcyS+rYoUI=
golang.org/x/sys v0.0.0-20190712062909-fae7ac547cb7/go.mod h1:h1NjWce9XRLGQEsW7wpKNCjG9DtNlClVuFLEZdDNbEs=
golang.org/x/sys v0.0.0-20190804053845-51ab0e2deafa h1:KIDDMLT1O0Nr7TSxp8xM5tJcdn8tgyAONntO829og1M=
golang.org/x/sys v0.0.0-20190804053845-51ab0e2deafa/go.mod h1:h1NjWce9XRLGQEsW7wpKNCjG9DtNlClVuFLEZdDNbEs=
golang.org/x/text v0.3.0/go.mod h1:NqM8EUOU14njkJ3fqMW+pc6Ldnwhi/IjpwHt7yyuwOQ=
golang.org/x/tools v0.0.0-20191101174307-f02a19dded36 h1:F+FrqRVk/pJ379uqU9KUGluWFpHMmOxPBjnvae9Z+Zc=
golang.org/x/tools v0.0.0-20191101174307-f02a19dded36/go.mod h1:b+2E5dAYhXwXZwtnZ6UAqBI28+e2cm9otk0dWdXHAEo=
golang.org/x/xerrors v0.0.0-20190717185122-a985d3407aa7 h1:9zdDQZ7Thm29KFXgAX/+yaf3eVbP7djjWp/dXAppNCc=
golang.org/x/xerrors v0.0.0-20190717185122-a985d3407aa7/go.mod h1:I/5z698sn9Ka8TeJc9MKroUUfqBBauWjQqLJ2OPfmY0=
golang.org/x/xerrors v0.0.0-20191011141410-1b5146add898 h1:/atklqdjdhuosWIl6AIbOeHJjicWYPqR9bpxqxYG2pA=
golang.org/x/xerrors v0.0.0-20191011141410-1b5146add898/go.mod h1:I/5z698sn9Ka8TeJc9MKroUUfqBBauWjQqLJ2OPfmY0=
gopkg.in/cheggaaa/pb.v1 v1.0.28 h1:n1tBJnnK2r7g9OW2btFH91V92STTUevLXYFb8gy9EMk=
gopkg.in/cheggaaa/pb.v1 v1.0.28/go.mod h1:V/YB90LKu/1FcN3WVnfiiE5oMCibMjukxqG/qStrOgw=
