github.com/abates/goexiftool v0.0.0-20191101174916-139ad7211501 h1:LS2kC5dBoIk1JPTcWcNl5v5dn2p1ph9RpmsnQB5cdPk=
github.com/abates/goexiftool v0.0.0-20191101174916-139ad7211501/go.mod h1:aHlx0GOUaaagt9XW6o+Il1Mp6MMaOHpSHYsXgUyQPbM=
github.com/fatih/color v1.7.0 h1:DkWD4oS2D8LGGgTQ6IvwJJXSL5Vp2ffcQg58nFV38Ys=
github.com/fatih/color v1.7.0/go.mod h1:Zm6kSWBoL9eyXnKyktHP6abPY2pDugNf5KwzbycvMj4=
github.com/fsnotify/fsnotify v1.4.7 h1:IXs+QLmnXW2CcXuY+8Mzv/fWEsPGWxqefPtCP5CnV9I=
github.com/fsnotify/fsnotify v1.4.7/go.mod h1:jwhsz4b93w/PPRr/qN1Yymfu8t87LnFCMoQvtojpjFo=
github.com/mattn/go-colorable v0.1.2 h1:/bC9yWikZXAL9uJdulbSfyVNIR3n3trXl+v8+1sx8mU=
github.com/mattn/go-colorable v0.1.2/go.mod h1:U0ppj6V5qS13XJ6of8GYAs25YV2eR4EVcfRqFIhoBtE=
github.com/mattn/go-isatty v0.0.8 h1:HLtExJ+uU2HOZ+wI0Tt5DtUDrx8yhUqDcp7fYERX4CE=
github.com/mattn/go-isatty v0.0.8/go.mod h1:Iq45c/XA43vh69/j3iqttzPXn0bhXyGjM0Hdxcsrc5s=
github.com/mattn/go-runewidth v0.0.4 h1:2BvfKmzob6Bmd4YsL0zygOqfdFnK7GR4QL06Do4/p7Y=
github.com/mattn/go-runewidth v0.0.4/go.mod h1:LwmH8dsx7+W8Uxz3IHJYH5QSwggIsqBzpuz5H//U1FU=
github.com/mh-orange/cmd v0.0.0-20190814014331-b4f5d21a036d h1:mF3+fgESYYWGrLOZSkuxDWrC4P200nAF+clXrNOux84=
github.com/mh-orange/cmd v0.0.0-20190814014331-b4f5d21a036d/go.mod h1:ak0+965HQ8cjjOMALzYW2RxMSDL7DiX1LadhjfqmeiY=
github.com/mh-orange/ffmpeg v0.0.0-20191101143614-56bfe8c58b8e h1:zOf9gQZn4PQgv8PdD0hQAjRdQSqZX+YCppB/n16+MDM=
github.com/mh-orange/ffmpeg v0.0.0-20191101143614-56bfe8c58b8e/go.mod h1:3kcO+ICu2mfdMDCg/gql0i3+Inber6zA/eyv9aKK918=
github.com/mh-orange/vfs v0.0.0-20190802160435-3c572b2c1ee3 h1:starygELIxDlZU6BIcmKhEbPi8xxBN1crs5v90c+plU=
github.com/mh-orange/vfs v0.0.0-20190802160435-3c572b2c1ee3/go.mod h1:W++dVrVLUvtgr77GRaiP3kx7LbKl0p/cQcHFWPMxifA=
golang.org/x/sys v0.0.0-20190222072716-a9d3bda3a223/go.mod h1:STP8DvDyc/dI5b8T5hshtkjS+E42TnysNCUPdjciGhY=
golang.org/x/sys v0.5.0 h1:MUK/U/4lj1t1oPg0HfuXDN/Z1wv31ZJ/YcPiGccS4DU=
golang.org/x/sys v0.5.0/go.mod h1:oPkhp1MJrh7nUepCBck5+mAzfO9JrbApNNgaTdGDITg=
gopkg.in/cheggaaa/pb.v1 v1.0.28 h1:n1tBJnnK2r7g9OW2btFH91V92STTUevLXYFb8gy9EMk=
gopkg.in/cheggaaa/pb.v1 v1.0.28/go.mod h1:V/YB90LKu/1FcN3WVnfiiE5oMCibMjukxqG/qStrOgw=
