github.com/abates/goexiftool v0.0.0-20190724154643-3c2c1397b270 h1:zDUNL4hhfAenOaZu+eBz9mz0emH5ZgUuLqL+ILmI5sg=
github.com/abates/goexiftool v0.0.0-20190724154643-3c2c1397b270/go.mod h1:aHlx0GOUaaagt9XW6o+Il1Mp6MMaOHpSHYsXgUyQPbM=
github.com/fatih/color v1.7.0 h1:DkWD4oS2D8LGGgTQ6IvwJJXSL5Vp2ffcQg58nFV38Ys=
github.com/fatih/color v1.7.0/go.mod h1:Zm6kSWBoL9eyXnKyktHP6abPY2pDugNf5KwzbycvMj4=
github.com/fsnotify/fsnotify v1.4.7 h1:IXs+QLmnXW2CcXuY+8Mzv/fWEsPGWxqefPtCP5CnV9I=
github.com/fsnotify/fsnotify v1.4.7/go.mod h1:jwhsz4b93w/PPRr/qN1Yymfu8t87LnFCMoQvtojpjFo=
github.com/mattn/go-colorable v0.1.2 h1:/bC9yWikZXAL9uJdulbSfyVNIR3n3trXl+v8+1sx8mU=
github.com/mattn/go-colorable v0.1.2/go.mod h1:U0ppj6V5qS13XJ6of8GYAs25YV2eR4EVcfRqFIhoBtE=
github.com/mattn/go-isatty v0.0.8 h1:HLtExJ+uU2HOZ+wI0Tt5DtUDrx8yhUqDcp7fYERX4CE=
github.com/mattn/go-isatty v0.0.8/go.mod h1:Iq45c/XA43vh69/j3iqttzPXn0bhXyGjM0Hdxcsrc5s=
github.com/mattn/go-runewidth v0.0.4 h1:2BvfKmzob6Bmd4YsL0zygOqfdFnK7GR4QL06Do4/p7Y=
github.com/mattn/go-runewidth v0.0.4/go.mod h1:LwmH8dsx7+W8Uxz3IHJYH5QSwggIsqBzpuz5H//U1FU=
github.com/mh-orange/cmd v0.0.0-20190207214143-df53bd8d1c5c h1:Eco7VcM3O/Os1EPnYqrBP2QynzuWtPccVYlqDVuX6rI=
github.com/mh-orange/cmd v0.0.0-20190207214143-df53bd8d1c5c/go.mod h1:ak0+965HQ8cjjOMALzYW2RxMSDL7DiX1LadhjfqmeiY=
github.com/mh-orange/ffmpeg v0.0.0-20190723212204-33cd97fc2750 h1:rq4Fb7FIQi+VikBT6856nW/33312L/bZdVqfUxO1RCk=
github.com/mh-orange/ffmpeg v0.0.0-20190723212204-33cd97fc2750/go.mod h1:3kcO+ICu2mfdMDCg/gql0i3+Inber6zA/eyv9aKK918=
github.com/mh-orange/vfs v0.0.0-20190802160435-3c572b2c1ee3 h1:starygELIxDlZU6BIcmKhEbPi8xxBN1crs5v90c+plU=
github.com/mh-orange/vfs v0.0.0-20190802160435-3c572b2c1ee3/go.mod h1:W++dVrVLUvtgr77GRaiP3kx7LbKl0p/cQcHFWPMxifA=
golang.org/x/sys v0.0.0-20190222072716-a9d3bda3a223/go.mod h1:STP8DvDyc/dI5b8T5hshtkjS+E42TnysNCUPdjciGhY=
golang.org/x/sys v0.0.0-20190712062909-fae7ac547cb7 h1:LepdCS8Gf/MVejFIt8lsiexZATdoGVyp5bcyS+rYoUI=
golang.org/x/sys v0.0.0-20190712062909-fae7ac547cb7/go.mod h1:h1NjWce9XRLGQEsW7wpKNCjG9DtNlClVuFLEZdDNbEs=
gopkg.in/cheggaaa/pb.v1 v1.0.28 h1:n1tBJnnK2r7g9OW2btFH91V92STTUevLXYFb8gy9EMk=
gopkg.in/cheggaaa/pb.v1 v1.0.28/go.mod h1:V/YB90LKu/1FcN3WVnfiiE5oMCibMjukxqG/qStrOgw=
